
Microsoft Visual Studio Solution File, Format Version 12.00
# Visual Studio Version 16
VisualStudioVersion = 16.0.29503.13
MinimumVisualStudioVersion = 10.0.40219.1
Project("{9A19103F-16F7-4668-BE54-9A1E7A4F7556}") = "MSTeamsBot", "..\..\Users\920042945\OneDrive - Bob Evans Farms, Inc\ProfileFolders\Documents\Bot Sample\botbuilder-samples\samples\csharp_dotnetcore\51.teams-messaging-extensions-action\MSTeamsBot.csproj", "{03748A7F-3914-4022-9117-592E8C73DA7C}"
EndProject
Global
	GlobalSection(SolutionConfigurationPlatforms) = preSolution
		Debug|Any CPU = Debug|Any CPU
		Release|Any CPU = Release|Any CPU
	EndGlobalSection
	GlobalSection(ProjectConfigurationPlatforms) = postSolution
		{03748A7F-3914-4022-9117-592E8C73DA7C}.Debug|Any CPU.ActiveCfg = Debug|Any CPU
		{03748A7F-3914-4022-9117-592E8C73DA7C}.Debug|Any CPU.Build.0 = Debug|Any CPU
		{03748A7F-3914-4022-9117-592E8C73DA7C}.Release|Any CPU.ActiveCfg = Release|Any CPU
		{03748A7F-3914-4022-9117-592E8C73DA7C}.Release|Any CPU.Build.0 = Release|Any CPU
	EndGlobalSection
	GlobalSection(SolutionProperties) = preSolution
		HideSolutionNode = FALSE
	EndGlobalSection
	GlobalSection(ExtensibilityGlobals) = postSolution
		SolutionGuid = {4B76B7DA-0387-4E0F-9E31-BD1E013AB806}
	EndGlobalSection
EndGlobal
